
Microsoft Visual Studio Solution File, Format Version 12.00
# Visual Studio 15
VisualStudioVersion = 15.0.26124.0
MinimumVisualStudioVersion = 15.0.26124.0
Project("{2150E333-8FDC-42A3-9474-1A3956D46DE8}") = "Source", "Source", "{676A8647-84F2-47F2-A560-D43B674D8428}"
EndProject
Project("{FAE04EC0-301F-11D3-BF4B-00C04F79EFBC}") = "WebUI", "Source\WebUI\WebUI.csproj", "{D6F1EA4E-15B1-4967-B78B-2DDFA36C8F84}"
EndProject
Global
	GlobalSection(SolutionConfigurationPlatforms) = preSolution
		Debug|Any CPU = Debug|Any CPU
		Debug|x64 = Debug|x64
		Debug|x86 = Debug|x86
		Release|Any CPU = Release|Any CPU
		Release|x64 = Release|x64
		Release|x86 = Release|x86
	EndGlobalSection
	GlobalSection(SolutionProperties) = preSolution
		HideSolutionNode = FALSE
	EndGlobalSection
	GlobalSection(ProjectConfigurationPlatforms) = postSolution
		{D6F1EA4E-15B1-4967-B78B-2DDFA36C8F84}.Debug|Any CPU.ActiveCfg = Debug|Any CPU
		{D6F1EA4E-15B1-4967-B78B-2DDFA36C8F84}.Debug|Any CPU.Build.0 = Debug|Any CPU
		{D6F1EA4E-15B1-4967-B78B-2DDFA36C8F84}.Debug|x64.ActiveCfg = Debug|Any CPU
		{D6F1EA4E-15B1-4967-B78B-2DDFA36C8F84}.Debug|x64.Build.0 = Debug|Any CPU
		{D6F1EA4E-15B1-4967-B78B-2DDFA36C8F84}.Debug|x86.ActiveCfg = Debug|Any CPU
		{D6F1EA4E-15B1-4967-B78B-2DDFA36C8F84}.Debug|x86.Build.0 = Debug|Any CPU
		{D6F1EA4E-15B1-4967-B78B-2DDFA36C8F84}.Release|Any CPU.ActiveCfg = Release|Any CPU
		{D6F1EA4E-15B1-4967-B78B-2DDFA36C8F84}.Release|Any CPU.Build.0 = Release|Any CPU
		{D6F1EA4E-15B1-4967-B78B-2DDFA36C8F84}.Release|x64.ActiveCfg = Release|Any CPU
		{D6F1EA4E-15B1-4967-B78B-2DDFA36C8F84}.Release|x64.Build.0 = Release|Any CPU
		{D6F1EA4E-15B1-4967-B78B-2DDFA36C8F84}.Release|x86.ActiveCfg = Release|Any CPU
		{D6F1EA4E-15B1-4967-B78B-2DDFA36C8F84}.Release|x86.Build.0 = Release|Any CPU
	EndGlobalSection
	GlobalSection(NestedProjects) = preSolution
		{D6F1EA4E-15B1-4967-B78B-2DDFA36C8F84} = {676A8647-84F2-47F2-A560-D43B674D8428}
	EndGlobalSection
EndGlobal
